
Microsoft Visual Studio Solution File, Format Version 12.00
# Visual Studio Version 17
VisualStudioVersion = 17.6.33829.357
MinimumVisualStudioVersion = 10.0.40219.1
Project("{FAE04EC0-301F-11D3-BF4B-00C04F79EFBC}") = "4-2", "4-2.csproj", "{2AB18ED7-DB51-4560-924C-D8C44C8C56EC}"
EndProject
Global
	GlobalSection(SolutionConfigurationPlatforms) = preSolution
		Debug|Any CPU = Debug|Any CPU
		Release|Any CPU = Release|Any CPU
	EndGlobalSection
	GlobalSection(ProjectConfigurationPlatforms) = postSolution
		{2AB18ED7-DB51-4560-924C-D8C44C8C56EC}.Debug|Any CPU.ActiveCfg = Debug|Any CPU
		{2AB18ED7-DB51-4560-924C-D8C44C8C56EC}.Debug|Any CPU.Build.0 = Debug|Any CPU
		{2AB18ED7-DB51-4560-924C-D8C44C8C56EC}.Release|Any CPU.ActiveCfg = Release|Any CPU
		{2AB18ED7-DB51-4560-924C-D8C44C8C56EC}.Release|Any CPU.Build.0 = Release|Any CPU
	EndGlobalSection
	GlobalSection(SolutionProperties) = preSolution
		HideSolutionNode = FALSE
	EndGlobalSection
	GlobalSection(ExtensibilityGlobals) = postSolution
		SolutionGuid = {C5D3D284-86A1-411D-9151-3E4908EB02BB}
	EndGlobalSection
EndGlobal
