
Microsoft Visual Studio Solution File, Format Version 12.00
# Visual Studio Version 17
VisualStudioVersion = 17.6.33829.357
MinimumVisualStudioVersion = 10.0.40219.1
Project("{FAE04EC0-301F-11D3-BF4B-00C04F79EFBC}") = "bai 7-3", "bai 7-3.csproj", "{C6CDD77F-0A6F-4301-8E83-3E4416AD671E}"
EndProject
Global
	GlobalSection(SolutionConfigurationPlatforms) = preSolution
		Debug|Any CPU = Debug|Any CPU
		Release|Any CPU = Release|Any CPU
	EndGlobalSection
	GlobalSection(ProjectConfigurationPlatforms) = postSolution
		{C6CDD77F-0A6F-4301-8E83-3E4416AD671E}.Debug|Any CPU.ActiveCfg = Debug|Any CPU
		{C6CDD77F-0A6F-4301-8E83-3E4416AD671E}.Debug|Any CPU.Build.0 = Debug|Any CPU
		{C6CDD77F-0A6F-4301-8E83-3E4416AD671E}.Release|Any CPU.ActiveCfg = Release|Any CPU
		{C6CDD77F-0A6F-4301-8E83-3E4416AD671E}.Release|Any CPU.Build.0 = Release|Any CPU
	EndGlobalSection
	GlobalSection(SolutionProperties) = preSolution
		HideSolutionNode = FALSE
	EndGlobalSection
	GlobalSection(ExtensibilityGlobals) = postSolution
		SolutionGuid = {E90804C9-F2F9-4A20-ABB2-0A1F67B16328}
	EndGlobalSection
EndGlobal
