
Microsoft Visual Studio Solution File, Format Version 12.00
# Visual Studio Version 17
VisualStudioVersion = 17.6.33829.357
MinimumVisualStudioVersion = 10.0.40219.1
Project("{FAE04EC0-301F-11D3-BF4B-00C04F79EFBC}") = "bai 4-4", "bai 4-4.csproj", "{09E015B6-C0E9-4805-AEB3-40DC5B6D36DA}"
EndProject
Global
	GlobalSection(SolutionConfigurationPlatforms) = preSolution
		Debug|Any CPU = Debug|Any CPU
		Release|Any CPU = Release|Any CPU
	EndGlobalSection
	GlobalSection(ProjectConfigurationPlatforms) = postSolution
		{09E015B6-C0E9-4805-AEB3-40DC5B6D36DA}.Debug|Any CPU.ActiveCfg = Debug|Any CPU
		{09E015B6-C0E9-4805-AEB3-40DC5B6D36DA}.Debug|Any CPU.Build.0 = Debug|Any CPU
		{09E015B6-C0E9-4805-AEB3-40DC5B6D36DA}.Release|Any CPU.ActiveCfg = Release|Any CPU
		{09E015B6-C0E9-4805-AEB3-40DC5B6D36DA}.Release|Any CPU.Build.0 = Release|Any CPU
	EndGlobalSection
	GlobalSection(SolutionProperties) = preSolution
		HideSolutionNode = FALSE
	EndGlobalSection
	GlobalSection(ExtensibilityGlobals) = postSolution
		SolutionGuid = {728F2541-956F-4199-9E0C-1B514AA4152D}
	EndGlobalSection
EndGlobal
